
Microsoft Visual Studio Solution File, Format Version 12.00
# Visual Studio Version 16
VisualStudioVersion = 16.0.32106.194
MinimumVisualStudioVersion = 10.0.40219.1
Project("{9A19103F-16F7-4668-BE54-9A1E7A4F7556}") = "Authentification", "Authentification\Authentification.csproj", "{F9B95101-34C7-4F61-8BFB-8EEEDEFE8333}"
EndProject
Project("{2150E333-8FDC-42A3-9474-1A3956D46DE8}") = "Solution Items", "Solution Items", "{04DFECBC-7ABB-4BAA-B4FD-0D5653960BC9}"
	ProjectSection(SolutionItems) = preProject
		.editorconfig = .editorconfig
	EndProjectSection
EndProject
Global
	GlobalSection(SolutionConfigurationPlatforms) = preSolution
		Debug|Any CPU = Debug|Any CPU
		Release|Any CPU = Release|Any CPU
	EndGlobalSection
	GlobalSection(ProjectConfigurationPlatforms) = postSolution
		{F9B95101-34C7-4F61-8BFB-8EEEDEFE8333}.Debug|Any CPU.ActiveCfg = Debug|Any CPU
		{F9B95101-34C7-4F61-8BFB-8EEEDEFE8333}.Debug|Any CPU.Build.0 = Debug|Any CPU
		{F9B95101-34C7-4F61-8BFB-8EEEDEFE8333}.Release|Any CPU.ActiveCfg = Release|Any CPU
		{F9B95101-34C7-4F61-8BFB-8EEEDEFE8333}.Release|Any CPU.Build.0 = Release|Any CPU
	EndGlobalSection
	GlobalSection(SolutionProperties) = preSolution
		HideSolutionNode = FALSE
	EndGlobalSection
	GlobalSection(ExtensibilityGlobals) = postSolution
		SolutionGuid = {A839E9AD-4B35-41EB-9DC2-DCBD9B26D85A}
	EndGlobalSection
EndGlobal
